
Microsoft Visual Studio Solution File, Format Version 12.00
# Visual Studio Version 16
VisualStudioVersion = 16.0.29613.14
MinimumVisualStudioVersion = 10.0.40219.1
Project("{9A19103F-16F7-4668-BE54-9A1E7A4F7556}") = "ConsoleApp17", "ConsoleApp17\ConsoleApp17.csproj", "{0BBDC27C-B61D-4653-83B6-C2D0952F46E6}"
EndProject
Project("{9A19103F-16F7-4668-BE54-9A1E7A4F7556}") = "ResilienceDecorators.MySql", "ResilienceDecorators.MySql\ResilienceDecorators.MySql.csproj", "{C24C8BA8-528A-465E-9DC4-462D4A871EFD}"
EndProject
Project("{FAE04EC0-301F-11D3-BF4B-00C04F79EFBC}") = "ResilienceDecorators.Tests", "ResilienceDecorators.Tests\ResilienceDecorators.Tests.csproj", "{422D9FF0-04D4-4BE6-8AB3-6C4FE49B8097}"
EndProject
Project("{9A19103F-16F7-4668-BE54-9A1E7A4F7556}") = "_build", "build\_build.csproj", "{F922D076-22ED-4370-81ED-479ECAC0F117}"
EndProject
Global
	GlobalSection(SolutionConfigurationPlatforms) = preSolution
		Debug|Any CPU = Debug|Any CPU
		Release|Any CPU = Release|Any CPU
	EndGlobalSection
	GlobalSection(ProjectConfigurationPlatforms) = postSolution
		{F922D076-22ED-4370-81ED-479ECAC0F117}.Debug|Any CPU.ActiveCfg = Debug|Any CPU
		{F922D076-22ED-4370-81ED-479ECAC0F117}.Release|Any CPU.ActiveCfg = Release|Any CPU
		{0BBDC27C-B61D-4653-83B6-C2D0952F46E6}.Debug|Any CPU.ActiveCfg = Debug|Any CPU
		{0BBDC27C-B61D-4653-83B6-C2D0952F46E6}.Debug|Any CPU.Build.0 = Debug|Any CPU
		{0BBDC27C-B61D-4653-83B6-C2D0952F46E6}.Release|Any CPU.ActiveCfg = Release|Any CPU
		{0BBDC27C-B61D-4653-83B6-C2D0952F46E6}.Release|Any CPU.Build.0 = Release|Any CPU
		{C24C8BA8-528A-465E-9DC4-462D4A871EFD}.Debug|Any CPU.ActiveCfg = Debug|Any CPU
		{C24C8BA8-528A-465E-9DC4-462D4A871EFD}.Debug|Any CPU.Build.0 = Debug|Any CPU
		{C24C8BA8-528A-465E-9DC4-462D4A871EFD}.Release|Any CPU.ActiveCfg = Release|Any CPU
		{C24C8BA8-528A-465E-9DC4-462D4A871EFD}.Release|Any CPU.Build.0 = Release|Any CPU
		{422D9FF0-04D4-4BE6-8AB3-6C4FE49B8097}.Debug|Any CPU.ActiveCfg = Debug|Any CPU
		{422D9FF0-04D4-4BE6-8AB3-6C4FE49B8097}.Debug|Any CPU.Build.0 = Debug|Any CPU
		{422D9FF0-04D4-4BE6-8AB3-6C4FE49B8097}.Release|Any CPU.ActiveCfg = Release|Any CPU
		{422D9FF0-04D4-4BE6-8AB3-6C4FE49B8097}.Release|Any CPU.Build.0 = Release|Any CPU
	EndGlobalSection
	GlobalSection(SolutionProperties) = preSolution
		HideSolutionNode = FALSE
	EndGlobalSection
	GlobalSection(ExtensibilityGlobals) = postSolution
		SolutionGuid = {B784CF44-B9A4-4F4D-A49D-BFB605D66AFC}
	EndGlobalSection
EndGlobal
